
Microsoft Visual Studio Solution File, Format Version 12.00
# Visual Studio Version 17
VisualStudioVersion = 17.1.32228.430
MinimumVisualStudioVersion = 10.0.40219.1
Project("{9A19103F-16F7-4668-BE54-9A1E7A4F7556}") = "ConsoleScrumBoard", "ConsoleScrumBoard\ConsoleScrumBoard.csproj", "{FBB0BEB3-1CD7-427B-8E37-AA6965A223A8}"
EndProject
Project("{9A19103F-16F7-4668-BE54-9A1E7A4F7556}") = "ScrumBoard", "ScrumBoard\ScrumBoard.csproj", "{722D54B6-9897-434F-8512-6E2F5EFD1946}"
EndProject
Project("{FAE04EC0-301F-11D3-BF4B-00C04F79EFBC}") = "ScrumBoardTest", "ScrumBoardTest\ScrumBoardTest.csproj", "{7CBDE964-56FE-4CFF-A986-02A31F80B7A6}"
EndProject
Global
	GlobalSection(SolutionConfigurationPlatforms) = preSolution
		Debug|Any CPU = Debug|Any CPU
		Release|Any CPU = Release|Any CPU
	EndGlobalSection
	GlobalSection(ProjectConfigurationPlatforms) = postSolution
		{FBB0BEB3-1CD7-427B-8E37-AA6965A223A8}.Debug|Any CPU.ActiveCfg = Debug|Any CPU
		{FBB0BEB3-1CD7-427B-8E37-AA6965A223A8}.Debug|Any CPU.Build.0 = Debug|Any CPU
		{FBB0BEB3-1CD7-427B-8E37-AA6965A223A8}.Release|Any CPU.ActiveCfg = Release|Any CPU
		{FBB0BEB3-1CD7-427B-8E37-AA6965A223A8}.Release|Any CPU.Build.0 = Release|Any CPU
		{722D54B6-9897-434F-8512-6E2F5EFD1946}.Debug|Any CPU.ActiveCfg = Debug|Any CPU
		{722D54B6-9897-434F-8512-6E2F5EFD1946}.Debug|Any CPU.Build.0 = Debug|Any CPU
		{722D54B6-9897-434F-8512-6E2F5EFD1946}.Release|Any CPU.ActiveCfg = Release|Any CPU
		{722D54B6-9897-434F-8512-6E2F5EFD1946}.Release|Any CPU.Build.0 = Release|Any CPU
		{7CBDE964-56FE-4CFF-A986-02A31F80B7A6}.Debug|Any CPU.ActiveCfg = Debug|Any CPU
		{7CBDE964-56FE-4CFF-A986-02A31F80B7A6}.Debug|Any CPU.Build.0 = Debug|Any CPU
		{7CBDE964-56FE-4CFF-A986-02A31F80B7A6}.Release|Any CPU.ActiveCfg = Release|Any CPU
		{7CBDE964-56FE-4CFF-A986-02A31F80B7A6}.Release|Any CPU.Build.0 = Release|Any CPU
	EndGlobalSection
	GlobalSection(SolutionProperties) = preSolution
		HideSolutionNode = FALSE
	EndGlobalSection
	GlobalSection(ExtensibilityGlobals) = postSolution
		SolutionGuid = {CACBCF43-6D5C-4B54-8FA8-9E66066C409B}
	EndGlobalSection
EndGlobal
